
Microsoft Visual Studio Solution File, Format Version 12.00
# Visual Studio Version 16
VisualStudioVersion = 16.0.29709.97
MinimumVisualStudioVersion = 10.0.40219.1
Project("{9A19103F-16F7-4668-BE54-9A1E7A4F7556}") = "ConsoleEShopMultilayered.DAL", "ConsoleEShopMultilayered.DAL\ConsoleEShopMultilayered.DAL.csproj", "{298AE2E5-05D2-408D-A2F6-0B5CF9B7A4EB}"
EndProject
Project("{9A19103F-16F7-4668-BE54-9A1E7A4F7556}") = "ConsoleEShopMultilayered.BLL", "ConsoleEShopMultilayered.BLL\ConsoleEShopMultilayered.BLL.csproj", "{492C9390-1DDF-4671-B91C-6F8B3E5375A3}"
EndProject
Project("{FAE04EC0-301F-11D3-BF4B-00C04F79EFBC}") = "ConsoleEShopMultilayered.PL", "ConsoleEShopMultilayered.PL\ConsoleEShopMultilayered.PL.csproj", "{5637FB3F-99B8-4820-9003-B4202B62BB56}"
EndProject
Global
	GlobalSection(SolutionConfigurationPlatforms) = preSolution
		Debug|Any CPU = Debug|Any CPU
		Release|Any CPU = Release|Any CPU
	EndGlobalSection
	GlobalSection(ProjectConfigurationPlatforms) = postSolution
		{298AE2E5-05D2-408D-A2F6-0B5CF9B7A4EB}.Debug|Any CPU.ActiveCfg = Debug|Any CPU
		{298AE2E5-05D2-408D-A2F6-0B5CF9B7A4EB}.Debug|Any CPU.Build.0 = Debug|Any CPU
		{298AE2E5-05D2-408D-A2F6-0B5CF9B7A4EB}.Release|Any CPU.ActiveCfg = Release|Any CPU
		{298AE2E5-05D2-408D-A2F6-0B5CF9B7A4EB}.Release|Any CPU.Build.0 = Release|Any CPU
		{492C9390-1DDF-4671-B91C-6F8B3E5375A3}.Debug|Any CPU.ActiveCfg = Debug|Any CPU
		{492C9390-1DDF-4671-B91C-6F8B3E5375A3}.Debug|Any CPU.Build.0 = Debug|Any CPU
		{492C9390-1DDF-4671-B91C-6F8B3E5375A3}.Release|Any CPU.ActiveCfg = Release|Any CPU
		{492C9390-1DDF-4671-B91C-6F8B3E5375A3}.Release|Any CPU.Build.0 = Release|Any CPU
		{5637FB3F-99B8-4820-9003-B4202B62BB56}.Debug|Any CPU.ActiveCfg = Debug|Any CPU
		{5637FB3F-99B8-4820-9003-B4202B62BB56}.Debug|Any CPU.Build.0 = Debug|Any CPU
		{5637FB3F-99B8-4820-9003-B4202B62BB56}.Release|Any CPU.ActiveCfg = Release|Any CPU
		{5637FB3F-99B8-4820-9003-B4202B62BB56}.Release|Any CPU.Build.0 = Release|Any CPU
	EndGlobalSection
	GlobalSection(SolutionProperties) = preSolution
		HideSolutionNode = FALSE
	EndGlobalSection
	GlobalSection(ExtensibilityGlobals) = postSolution
		SolutionGuid = {2F3C2E5E-1DBD-4CEC-A625-B46CCC88142D}
	EndGlobalSection
EndGlobal
